// !$*UTF8*$!
{
	archiveVersion = 1;
	classes = {
	};
	objectVersion = 50;
	objects = {

/* Begin PBXBuildFile section */
		9F1A9AE72270729F004DD56D /* ViewState.swift in Sources */ = {isa = PBXBuildFile; fileRef = 9F1A9AE62270729F004DD56D /* ViewState.swift */; };
		9F1A9AE9227072CA004DD56D /* RetryCollectionViewCell.swift in Sources */ = {isa = PBXBuildFile; fileRef = 9F1A9AE8227072CA004DD56D /* RetryCollectionViewCell.swift */; };
		9F1A9AED227074CE004DD56D /* TapticFeedback.swift in Sources */ = {isa = PBXBuildFile; fileRef = 9F1A9AEC227074CE004DD56D /* TapticFeedback.swift */; };
		9F1A9AF02270EE95004DD56D /* AlbumLoadingCollectionViewCell.swift in Sources */ = {isa = PBXBuildFile; fileRef = 9F1A9AEF2270EE95004DD56D /* AlbumLoadingCollectionViewCell.swift */; };
		9F1A9AF72270FB25004DD56D /* PhotosConfigurator.swift in Sources */ = {isa = PBXBuildFile; fileRef = 9F1A9AF12270FB25004DD56D /* PhotosConfigurator.swift */; };
		9F1A9AF82270FB25004DD56D /* PhotosViewController.swift in Sources */ = {isa = PBXBuildFile; fileRef = 9F1A9AF22270FB25004DD56D /* PhotosViewController.swift */; };
		9F1A9AFA2270FB25004DD56D /* PhotosInteractor.swift in Sources */ = {isa = PBXBuildFile; fileRef = 9F1A9AF42270FB25004DD56D /* PhotosInteractor.swift */; };
		9F1A9AFB2270FB25004DD56D /* PhotosPresenter.swift in Sources */ = {isa = PBXBuildFile; fileRef = 9F1A9AF52270FB25004DD56D /* PhotosPresenter.swift */; };
		9F1A9AFC2270FB25004DD56D /* PhotosRouter.swift in Sources */ = {isa = PBXBuildFile; fileRef = 9F1A9AF62270FB25004DD56D /* PhotosRouter.swift */; };
		9F1A9AFF2270FE95004DD56D /* State.swift in Sources */ = {isa = PBXBuildFile; fileRef = 9F1A9AFE2270FE95004DD56D /* State.swift */; };
		9F1A9B012271013A004DD56D /* MediaMonksPhotoViewModel.swift in Sources */ = {isa = PBXBuildFile; fileRef = 9F1A9B002271013A004DD56D /* MediaMonksPhotoViewModel.swift */; };
		9F1A9B0A227103AE004DD56D /* MosaicLayoutSectionGeometry.swift in Sources */ = {isa = PBXBuildFile; fileRef = 9F1A9B03227103AB004DD56D /* MosaicLayoutSectionGeometry.swift */; };
		9F1A9B0B227103AE004DD56D /* MosaicCollectionViewLayoutDelegate.swift in Sources */ = {isa = PBXBuildFile; fileRef = 9F1A9B04227103AB004DD56D /* MosaicCollectionViewLayoutDelegate.swift */; };
		9F1A9B0C227103AE004DD56D /* MosaicCollectionViewLayoutHelper.swift in Sources */ = {isa = PBXBuildFile; fileRef = 9F1A9B05227103AC004DD56D /* MosaicCollectionViewLayoutHelper.swift */; };
		9F1A9B0D227103AE004DD56D /* MosaicLayoutSectionMatrix.swift in Sources */ = {isa = PBXBuildFile; fileRef = 9F1A9B06227103AC004DD56D /* MosaicLayoutSectionMatrix.swift */; };
		9F1A9B0E227103AE004DD56D /* MosaicCollectionViewLayoutCache.swift in Sources */ = {isa = PBXBuildFile; fileRef = 9F1A9B07227103AD004DD56D /* MosaicCollectionViewLayoutCache.swift */; };
		9F1A9B0F227103AE004DD56D /* MosaicLayoutAttributes.swift in Sources */ = {isa = PBXBuildFile; fileRef = 9F1A9B08227103AD004DD56D /* MosaicLayoutAttributes.swift */; };
		9F1A9B10227103AE004DD56D /* MosaicCollectionViewLayout.swift in Sources */ = {isa = PBXBuildFile; fileRef = 9F1A9B09227103AE004DD56D /* MosaicCollectionViewLayout.swift */; };
		9F1A9B1322710FCD004DD56D /* PhotoCell.swift in Sources */ = {isa = PBXBuildFile; fileRef = 9F1A9B1222710FCD004DD56D /* PhotoCell.swift */; };
		9F1A9B1622711935004DD56D /* ImageCache.swift in Sources */ = {isa = PBXBuildFile; fileRef = 9F1A9B1522711935004DD56D /* ImageCache.swift */; };
		9F1A9B1822711C39004DD56D /* UIImageView+Ext.swift in Sources */ = {isa = PBXBuildFile; fileRef = 9F1A9B1722711C39004DD56D /* UIImageView+Ext.swift */; };
		9F1A9B1A22711C58004DD56D /* Collection+Ext.swift in Sources */ = {isa = PBXBuildFile; fileRef = 9F1A9B1922711C58004DD56D /* Collection+Ext.swift */; };
		9F1A9B1C22711C74004DD56D /* ReusableView+Ext.swift in Sources */ = {isa = PBXBuildFile; fileRef = 9F1A9B1B22711C74004DD56D /* ReusableView+Ext.swift */; };
		9F1A9B1E22711D04004DD56D /* CustomNavigationControllerDelegate.swift in Sources */ = {isa = PBXBuildFile; fileRef = 9F1A9B1D22711D04004DD56D /* CustomNavigationControllerDelegate.swift */; };
		9FD52E91226CF83000EEBA73 /* AppDelegate.swift in Sources */ = {isa = PBXBuildFile; fileRef = 9FD52E90226CF83000EEBA73 /* AppDelegate.swift */; };
		9FD52E98226CF83200EEBA73 /* Assets.xcassets in Resources */ = {isa = PBXBuildFile; fileRef = 9FD52E97226CF83200EEBA73 /* Assets.xcassets */; };
		9FD52E9B226CF83200EEBA73 /* LaunchScreen.storyboard in Resources */ = {isa = PBXBuildFile; fileRef = 9FD52E99226CF83200EEBA73 /* LaunchScreen.storyboard */; };
		9FD52EAE226D050B00EEBA73 /* ApiError.swift in Sources */ = {isa = PBXBuildFile; fileRef = 9FD52EAD226D050B00EEBA73 /* ApiError.swift */; };
		9FD52EB0226D051900EEBA73 /* MediaMonksAPI.swift in Sources */ = {isa = PBXBuildFile; fileRef = 9FD52EAF226D051900EEBA73 /* MediaMonksAPI.swift */; };
		9FD52EB2226D17C400EEBA73 /* FailableDecodable.swift in Sources */ = {isa = PBXBuildFile; fileRef = 9FD52EB1226D17C400EEBA73 /* FailableDecodable.swift */; };
		9FD52EB4226D17E300EEBA73 /* MediaMonksAlbum.swift in Sources */ = {isa = PBXBuildFile; fileRef = 9FD52EB3226D17E300EEBA73 /* MediaMonksAlbum.swift */; };
		9FD52EB6226D17FF00EEBA73 /* MediaMonksApiRequest.swift in Sources */ = {isa = PBXBuildFile; fileRef = 9FD52EB5226D17FF00EEBA73 /* MediaMonksApiRequest.swift */; };
		9FD52EB8226D198A00EEBA73 /* MediaMonksPhoto.swift in Sources */ = {isa = PBXBuildFile; fileRef = 9FD52EB7226D198A00EEBA73 /* MediaMonksPhoto.swift */; };
		9FD52EC4226DDA6500EEBA73 /* AlbumsListConfigurator.swift in Sources */ = {isa = PBXBuildFile; fileRef = 9FD52EBE226DDA6500EEBA73 /* AlbumsListConfigurator.swift */; };
		9FD52EC5226DDA6500EEBA73 /* AlbumsListViewController.swift in Sources */ = {isa = PBXBuildFile; fileRef = 9FD52EBF226DDA6500EEBA73 /* AlbumsListViewController.swift */; };
		9FD52EC7226DDA6500EEBA73 /* AlbumsListInteractor.swift in Sources */ = {isa = PBXBuildFile; fileRef = 9FD52EC1226DDA6500EEBA73 /* AlbumsListInteractor.swift */; };
		9FD52EC8226DDA6500EEBA73 /* AlbumsListPresenter.swift in Sources */ = {isa = PBXBuildFile; fileRef = 9FD52EC2226DDA6500EEBA73 /* AlbumsListPresenter.swift */; };
		9FD52EC9226DDA6500EEBA73 /* AlbumsListRouter.swift in Sources */ = {isa = PBXBuildFile; fileRef = 9FD52EC3226DDA6500EEBA73 /* AlbumsListRouter.swift */; };
		9FD52ECC226E046E00EEBA73 /* MediaMonksAlbumViewModel.swift in Sources */ = {isa = PBXBuildFile; fileRef = 9FD52ECB226E046E00EEBA73 /* MediaMonksAlbumViewModel.swift */; };
		9FD52ECF226E0E9400EEBA73 /* CustomRefreshControlView.swift in Sources */ = {isa = PBXBuildFile; fileRef = 9FD52ECE226E0E9400EEBA73 /* CustomRefreshControlView.swift */; };
		9FD52ED1226E13BD00EEBA73 /* Extensions.swift in Sources */ = {isa = PBXBuildFile; fileRef = 9FD52ED0226E13BD00EEBA73 /* Extensions.swift */; };
		9FD52ED7226F679B00EEBA73 /* AlbumCell.swift in Sources */ = {isa = PBXBuildFile; fileRef = 9FD52ED6226F679B00EEBA73 /* AlbumCell.swift */; };
		9FEAEEA822765B3500292747 /* FadeTransition.swift in Sources */ = {isa = PBXBuildFile; fileRef = 9FEAEEA722765B3500292747 /* FadeTransition.swift */; };
		9FEAEEAD2277025A00292747 /* AnimationController.swift in Sources */ = {isa = PBXBuildFile; fileRef = 9FEAEEAC2277025A00292747 /* AnimationController.swift */; };
		9FEAEEB422774B0C00292747 /* PhotoDetailConfigurator.swift in Sources */ = {isa = PBXBuildFile; fileRef = 9FEAEEAE22774B0C00292747 /* PhotoDetailConfigurator.swift */; };
		9FEAEEB522774B0C00292747 /* PhotoDetailViewController.swift in Sources */ = {isa = PBXBuildFile; fileRef = 9FEAEEAF22774B0C00292747 /* PhotoDetailViewController.swift */; };
		9FEAEEB722774B0C00292747 /* PhotoDetailInteractor.swift in Sources */ = {isa = PBXBuildFile; fileRef = 9FEAEEB122774B0C00292747 /* PhotoDetailInteractor.swift */; };
		9FEAEEB822774B0C00292747 /* PhotoDetailPresenter.swift in Sources */ = {isa = PBXBuildFile; fileRef = 9FEAEEB222774B0C00292747 /* PhotoDetailPresenter.swift */; };
		9FEAEEB922774B0C00292747 /* PhotoDetailRouter.swift in Sources */ = {isa = PBXBuildFile; fileRef = 9FEAEEB322774B0C00292747 /* PhotoDetailRouter.swift */; };
		9FEAEEBC2277532A00292747 /* ImageScrollView.swift in Sources */ = {isa = PBXBuildFile; fileRef = 9FEAEEBB2277532A00292747 /* ImageScrollView.swift */; };
		9FEAEEBE227777D200292747 /* Constants.swift in Sources */ = {isa = PBXBuildFile; fileRef = 9FEAEEBD227777D200292747 /* Constants.swift */; };
		9FEAEEC02277783000292747 /* UIColor+Ext.swift in Sources */ = {isa = PBXBuildFile; fileRef = 9FEAEEBF2277783000292747 /* UIColor+Ext.swift */; };
		9FEAEEC222777C2600292747 /* RadialGradientLayer.swift in Sources */ = {isa = PBXBuildFile; fileRef = 9FEAEEC122777C2600292747 /* RadialGradientLayer.swift */; };
		F18801CE7DF49E4C40BA2BCE /* Pods_MediaMonks_Photos.framework in Frameworks */ = {isa = PBXBuildFile; fileRef = F4CDFB109B3A2AF403DAA18D /* Pods_MediaMonks_Photos.framework */; };
/* End PBXBuildFile section */

/* Begin PBXFileReference section */
		56DE9E390E7CE8D6E77E4809 /* Pods-MediaMonks Photos.release.xcconfig */ = {isa = PBXFileReference; includeInIndex = 1; lastKnownFileType = text.xcconfig; name = "Pods-MediaMonks Photos.release.xcconfig"; path = "Pods/Target Support Files/Pods-MediaMonks Photos/Pods-MediaMonks Photos.release.xcconfig"; sourceTree = "<group>"; };
		9F1A9AE62270729F004DD56D /* ViewState.swift */ = {isa = PBXFileReference; lastKnownFileType = sourcecode.swift; path = ViewState.swift; sourceTree = "<group>"; };
		9F1A9AE8227072CA004DD56D /* RetryCollectionViewCell.swift */ = {isa = PBXFileReference; lastKnownFileType = sourcecode.swift; path = RetryCollectionViewCell.swift; sourceTree = "<group>"; };
		9F1A9AEC227074CE004DD56D /* TapticFeedback.swift */ = {isa = PBXFileReference; lastKnownFileType = sourcecode.swift; path = TapticFeedback.swift; sourceTree = "<group>"; };
		9F1A9AEF2270EE95004DD56D /* AlbumLoadingCollectionViewCell.swift */ = {isa = PBXFileReference; lastKnownFileType = sourcecode.swift; path = AlbumLoadingCollectionViewCell.swift; sourceTree = "<group>"; };
		9F1A9AF12270FB25004DD56D /* PhotosConfigurator.swift */ = {isa = PBXFileReference; lastKnownFileType = sourcecode.swift; path = PhotosConfigurator.swift; sourceTree = "<group>"; };
		9F1A9AF22270FB25004DD56D /* PhotosViewController.swift */ = {isa = PBXFileReference; lastKnownFileType = sourcecode.swift; path = PhotosViewController.swift; sourceTree = "<group>"; };
		9F1A9AF42270FB25004DD56D /* PhotosInteractor.swift */ = {isa = PBXFileReference; lastKnownFileType = sourcecode.swift; path = PhotosInteractor.swift; sourceTree = "<group>"; };
		9F1A9AF52270FB25004DD56D /* PhotosPresenter.swift */ = {isa = PBXFileReference; lastKnownFileType = sourcecode.swift; path = PhotosPresenter.swift; sourceTree = "<group>"; };
		9F1A9AF62270FB25004DD56D /* PhotosRouter.swift */ = {isa = PBXFileReference; lastKnownFileType = sourcecode.swift; path = PhotosRouter.swift; sourceTree = "<group>"; };
		9F1A9AFE2270FE95004DD56D /* State.swift */ = {isa = PBXFileReference; lastKnownFileType = sourcecode.swift; path = State.swift; sourceTree = "<group>"; };
		9F1A9B002271013A004DD56D /* MediaMonksPhotoViewModel.swift */ = {isa = PBXFileReference; lastKnownFileType = sourcecode.swift; path = MediaMonksPhotoViewModel.swift; sourceTree = "<group>"; };
		9F1A9B03227103AB004DD56D /* MosaicLayoutSectionGeometry.swift */ = {isa = PBXFileReference; fileEncoding = 4; lastKnownFileType = sourcecode.swift; path = MosaicLayoutSectionGeometry.swift; sourceTree = "<group>"; };
		9F1A9B04227103AB004DD56D /* MosaicCollectionViewLayoutDelegate.swift */ = {isa = PBXFileReference; fileEncoding = 4; lastKnownFileType = sourcecode.swift; path = MosaicCollectionViewLayoutDelegate.swift; sourceTree = "<group>"; };
		9F1A9B05227103AC004DD56D /* MosaicCollectionViewLayoutHelper.swift */ = {isa = PBXFileReference; fileEncoding = 4; lastKnownFileType = sourcecode.swift; path = MosaicCollectionViewLayoutHelper.swift; sourceTree = "<group>"; };
		9F1A9B06227103AC004DD56D /* MosaicLayoutSectionMatrix.swift */ = {isa = PBXFileReference; fileEncoding = 4; lastKnownFileType = sourcecode.swift; path = MosaicLayoutSectionMatrix.swift; sourceTree = "<group>"; };
		9F1A9B07227103AD004DD56D /* MosaicCollectionViewLayoutCache.swift */ = {isa = PBXFileReference; fileEncoding = 4; lastKnownFileType = sourcecode.swift; path = MosaicCollectionViewLayoutCache.swift; sourceTree = "<group>"; };
		9F1A9B08227103AD004DD56D /* MosaicLayoutAttributes.swift */ = {isa = PBXFileReference; fileEncoding = 4; lastKnownFileType = sourcecode.swift; path = MosaicLayoutAttributes.swift; sourceTree = "<group>"; };
		9F1A9B09227103AE004DD56D /* MosaicCollectionViewLayout.swift */ = {isa = PBXFileReference; fileEncoding = 4; lastKnownFileType = sourcecode.swift; path = MosaicCollectionViewLayout.swift; sourceTree = "<group>"; };
		9F1A9B1222710FCD004DD56D /* PhotoCell.swift */ = {isa = PBXFileReference; lastKnownFileType = sourcecode.swift; path = PhotoCell.swift; sourceTree = "<group>"; };
		9F1A9B1522711935004DD56D /* ImageCache.swift */ = {isa = PBXFileReference; lastKnownFileType = sourcecode.swift; path = ImageCache.swift; sourceTree = "<group>"; };
		9F1A9B1722711C39004DD56D /* UIImageView+Ext.swift */ = {isa = PBXFileReference; lastKnownFileType = sourcecode.swift; path = "UIImageView+Ext.swift"; sourceTree = "<group>"; };
		9F1A9B1922711C58004DD56D /* Collection+Ext.swift */ = {isa = PBXFileReference; lastKnownFileType = sourcecode.swift; path = "Collection+Ext.swift"; sourceTree = "<group>"; };
		9F1A9B1B22711C74004DD56D /* ReusableView+Ext.swift */ = {isa = PBXFileReference; lastKnownFileType = sourcecode.swift; path = "ReusableView+Ext.swift"; sourceTree = "<group>"; };
		9F1A9B1D22711D04004DD56D /* CustomNavigationControllerDelegate.swift */ = {isa = PBXFileReference; lastKnownFileType = sourcecode.swift; path = CustomNavigationControllerDelegate.swift; sourceTree = "<group>"; };
		9FD52E8D226CF83000EEBA73 /* MediaMonks Photos.app */ = {isa = PBXFileReference; explicitFileType = wrapper.application; includeInIndex = 0; path = "MediaMonks Photos.app"; sourceTree = BUILT_PRODUCTS_DIR; };
		9FD52E90226CF83000EEBA73 /* AppDelegate.swift */ = {isa = PBXFileReference; lastKnownFileType = sourcecode.swift; path = AppDelegate.swift; sourceTree = "<group>"; };
		9FD52E97226CF83200EEBA73 /* Assets.xcassets */ = {isa = PBXFileReference; lastKnownFileType = folder.assetcatalog; path = Assets.xcassets; sourceTree = "<group>"; };
		9FD52E9A226CF83200EEBA73 /* Base */ = {isa = PBXFileReference; lastKnownFileType = file.storyboard; name = Base; path = Base.lproj/LaunchScreen.storyboard; sourceTree = "<group>"; };
		9FD52E9C226CF83200EEBA73 /* Info.plist */ = {isa = PBXFileReference; lastKnownFileType = text.plist.xml; path = Info.plist; sourceTree = "<group>"; };
		9FD52EAD226D050B00EEBA73 /* ApiError.swift */ = {isa = PBXFileReference; lastKnownFileType = sourcecode.swift; path = ApiError.swift; sourceTree = "<group>"; };
		9FD52EAF226D051900EEBA73 /* MediaMonksAPI.swift */ = {isa = PBXFileReference; lastKnownFileType = sourcecode.swift; path = MediaMonksAPI.swift; sourceTree = "<group>"; };
		9FD52EB1226D17C400EEBA73 /* FailableDecodable.swift */ = {isa = PBXFileReference; lastKnownFileType = sourcecode.swift; path = FailableDecodable.swift; sourceTree = "<group>"; };
		9FD52EB3226D17E300EEBA73 /* MediaMonksAlbum.swift */ = {isa = PBXFileReference; lastKnownFileType = sourcecode.swift; path = MediaMonksAlbum.swift; sourceTree = "<group>"; };
		9FD52EB5226D17FF00EEBA73 /* MediaMonksApiRequest.swift */ = {isa = PBXFileReference; lastKnownFileType = sourcecode.swift; path = MediaMonksApiRequest.swift; sourceTree = "<group>"; };
		9FD52EB7226D198A00EEBA73 /* MediaMonksPhoto.swift */ = {isa = PBXFileReference; lastKnownFileType = sourcecode.swift; path = MediaMonksPhoto.swift; sourceTree = "<group>"; };
		9FD52EBE226DDA6500EEBA73 /* AlbumsListConfigurator.swift */ = {isa = PBXFileReference; lastKnownFileType = sourcecode.swift; path = AlbumsListConfigurator.swift; sourceTree = "<group>"; };
		9FD52EBF226DDA6500EEBA73 /* AlbumsListViewController.swift */ = {isa = PBXFileReference; lastKnownFileType = sourcecode.swift; path = AlbumsListViewController.swift; sourceTree = "<group>"; };
		9FD52EC1226DDA6500EEBA73 /* AlbumsListInteractor.swift */ = {isa = PBXFileReference; lastKnownFileType = sourcecode.swift; path = AlbumsListInteractor.swift; sourceTree = "<group>"; };
		9FD52EC2226DDA6500EEBA73 /* AlbumsListPresenter.swift */ = {isa = PBXFileReference; lastKnownFileType = sourcecode.swift; path = AlbumsListPresenter.swift; sourceTree = "<group>"; };
		9FD52EC3226DDA6500EEBA73 /* AlbumsListRouter.swift */ = {isa = PBXFileReference; lastKnownFileType = sourcecode.swift; path = AlbumsListRouter.swift; sourceTree = "<group>"; };
		9FD52ECB226E046E00EEBA73 /* MediaMonksAlbumViewModel.swift */ = {isa = PBXFileReference; lastKnownFileType = sourcecode.swift; path = MediaMonksAlbumViewModel.swift; sourceTree = "<group>"; };
		9FD52ECE226E0E9400EEBA73 /* CustomRefreshControlView.swift */ = {isa = PBXFileReference; lastKnownFileType = sourcecode.swift; path = CustomRefreshControlView.swift; sourceTree = "<group>"; };
		9FD52ED0226E13BD00EEBA73 /* Extensions.swift */ = {isa = PBXFileReference; lastKnownFileType = sourcecode.swift; path = Extensions.swift; sourceTree = "<group>"; };
		9FD52ED6226F679B00EEBA73 /* AlbumCell.swift */ = {isa = PBXFileReference; lastKnownFileType = sourcecode.swift; path = AlbumCell.swift; sourceTree = "<group>"; };
		9FEAEEA722765B3500292747 /* FadeTransition.swift */ = {isa = PBXFileReference; lastKnownFileType = sourcecode.swift; path = FadeTransition.swift; sourceTree = "<group>"; };
		9FEAEEAC2277025A00292747 /* AnimationController.swift */ = {isa = PBXFileReference; lastKnownFileType = sourcecode.swift; path = AnimationController.swift; sourceTree = "<group>"; };
		9FEAEEAE22774B0C00292747 /* PhotoDetailConfigurator.swift */ = {isa = PBXFileReference; lastKnownFileType = sourcecode.swift; path = PhotoDetailConfigurator.swift; sourceTree = "<group>"; };
		9FEAEEAF22774B0C00292747 /* PhotoDetailViewController.swift */ = {isa = PBXFileReference; lastKnownFileType = sourcecode.swift; path = PhotoDetailViewController.swift; sourceTree = "<group>"; };
		9FEAEEB122774B0C00292747 /* PhotoDetailInteractor.swift */ = {isa = PBXFileReference; lastKnownFileType = sourcecode.swift; path = PhotoDetailInteractor.swift; sourceTree = "<group>"; };
		9FEAEEB222774B0C00292747 /* PhotoDetailPresenter.swift */ = {isa = PBXFileReference; lastKnownFileType = sourcecode.swift; path = PhotoDetailPresenter.swift; sourceTree = "<group>"; };
		9FEAEEB322774B0C00292747 /* PhotoDetailRouter.swift */ = {isa = PBXFileReference; lastKnownFileType = sourcecode.swift; path = PhotoDetailRouter.swift; sourceTree = "<group>"; };
		9FEAEEBB2277532A00292747 /* ImageScrollView.swift */ = {isa = PBXFileReference; lastKnownFileType = sourcecode.swift; path = ImageScrollView.swift; sourceTree = "<group>"; };
		9FEAEEBD227777D200292747 /* Constants.swift */ = {isa = PBXFileReference; lastKnownFileType = sourcecode.swift; path = Constants.swift; sourceTree = "<group>"; };
		9FEAEEBF2277783000292747 /* UIColor+Ext.swift */ = {isa = PBXFileReference; lastKnownFileType = sourcecode.swift; path = "UIColor+Ext.swift"; sourceTree = "<group>"; };
		9FEAEEC122777C2600292747 /* RadialGradientLayer.swift */ = {isa = PBXFileReference; lastKnownFileType = sourcecode.swift; path = RadialGradientLayer.swift; sourceTree = "<group>"; };
		B61D64EB0582EAF4C8BFAC11 /* Pods-MediaMonks Photos.debug.xcconfig */ = {isa = PBXFileReference; includeInIndex = 1; lastKnownFileType = text.xcconfig; name = "Pods-MediaMonks Photos.debug.xcconfig"; path = "Pods/Target Support Files/Pods-MediaMonks Photos/Pods-MediaMonks Photos.debug.xcconfig"; sourceTree = "<group>"; };
		F4CDFB109B3A2AF403DAA18D /* Pods_MediaMonks_Photos.framework */ = {isa = PBXFileReference; explicitFileType = wrapper.framework; includeInIndex = 0; path = Pods_MediaMonks_Photos.framework; sourceTree = BUILT_PRODUCTS_DIR; };
/* End PBXFileReference section */

/* Begin PBXFrameworksBuildPhase section */
		9FD52E8A226CF83000EEBA73 /* Frameworks */ = {
			isa = PBXFrameworksBuildPhase;
			buildActionMask = 2147483647;
			files = (
				F18801CE7DF49E4C40BA2BCE /* Pods_MediaMonks_Photos.framework in Frameworks */,
			);
			runOnlyForDeploymentPostprocessing = 0;
		};
/* End PBXFrameworksBuildPhase section */

/* Begin PBXGroup section */
		9F1A9AE52270727D004DD56D /* Scenes */ = {
			isa = PBXGroup;
			children = (
				9FEAEEAA22765B6E00292747 /* Common */,
				9FD52ECA226DDA6A00EEBA73 /* Albums Lists Scene */,
				9F1A9AFD2270FB2D004DD56D /* Photos Scene */,
				9FEAEEBA22774B1000292747 /* Photo Detail Scene */,
			);
			path = Scenes;
			sourceTree = "<group>";
		};
		9F1A9AEA227072E0004DD56D /* Views */ = {
			isa = PBXGroup;
			children = (
				9FD52ED6226F679B00EEBA73 /* AlbumCell.swift */,
				9F1A9AE8227072CA004DD56D /* RetryCollectionViewCell.swift */,
				9F1A9AEF2270EE95004DD56D /* AlbumLoadingCollectionViewCell.swift */,
			);
			path = Views;
			sourceTree = "<group>";
		};
		9F1A9AEB227072F3004DD56D /* Services */ = {
			isa = PBXGroup;
			children = (
				9FD52EBB226D1B7F00EEBA73 /* Networking */,
				9F1A9AEC227074CE004DD56D /* TapticFeedback.swift */,
				9F1A9B1522711935004DD56D /* ImageCache.swift */,
			);
			path = Services;
			sourceTree = "<group>";
		};
		9F1A9AFD2270FB2D004DD56D /* Photos Scene */ = {
			isa = PBXGroup;
			children = (
				9F1A9AF12270FB25004DD56D /* PhotosConfigurator.swift */,
				9F1A9AF22270FB25004DD56D /* PhotosViewController.swift */,
				9F1A9AF42270FB25004DD56D /* PhotosInteractor.swift */,
				9F1A9AF52270FB25004DD56D /* PhotosPresenter.swift */,
				9F1A9AF62270FB25004DD56D /* PhotosRouter.swift */,
				9F1A9B11227103C1004DD56D /* Mosaic Layout */,
				9F1A9B0222710144004DD56D /* Models */,
				9F1A9B1422711828004DD56D /* Views */,
			);
			path = "Photos Scene";
			sourceTree = "<group>";
		};
		9F1A9B0222710144004DD56D /* Models */ = {
			isa = PBXGroup;
			children = (
				9FD52EB7226D198A00EEBA73 /* MediaMonksPhoto.swift */,
				9F1A9B002271013A004DD56D /* MediaMonksPhotoViewModel.swift */,
			);
			path = Models;
			sourceTree = "<group>";
		};
		9F1A9B11227103C1004DD56D /* Mosaic Layout */ = {
			isa = PBXGroup;
			children = (
				9F1A9B09227103AE004DD56D /* MosaicCollectionViewLayout.swift */,
				9F1A9B07227103AD004DD56D /* MosaicCollectionViewLayoutCache.swift */,
				9F1A9B04227103AB004DD56D /* MosaicCollectionViewLayoutDelegate.swift */,
				9F1A9B05227103AC004DD56D /* MosaicCollectionViewLayoutHelper.swift */,
				9F1A9B08227103AD004DD56D /* MosaicLayoutAttributes.swift */,
				9F1A9B03227103AB004DD56D /* MosaicLayoutSectionGeometry.swift */,
				9F1A9B06227103AC004DD56D /* MosaicLayoutSectionMatrix.swift */,
			);
			path = "Mosaic Layout";
			sourceTree = "<group>";
		};
		9F1A9B1422711828004DD56D /* Views */ = {
			isa = PBXGroup;
			children = (
				9F1A9B1222710FCD004DD56D /* PhotoCell.swift */,
			);
			path = Views;
			sourceTree = "<group>";
		};
		9FD52E84226CF83000EEBA73 = {
			isa = PBXGroup;
			children = (
				9FD52E8F226CF83000EEBA73 /* MediaMonks Photos */,
				9FD52E8E226CF83000EEBA73 /* Products */,
				D2EABA8D06D1846F66B93689 /* Pods */,
				A54E7B90FB90B494475586A5 /* Frameworks */,
			);
			sourceTree = "<group>";
		};
		9FD52E8E226CF83000EEBA73 /* Products */ = {
			isa = PBXGroup;
			children = (
				9FD52E8D226CF83000EEBA73 /* MediaMonks Photos.app */,
			);
			name = Products;
			sourceTree = "<group>";
		};
		9FD52E8F226CF83000EEBA73 /* MediaMonks Photos */ = {
			isa = PBXGroup;
			children = (
				9F1A9AE52270727D004DD56D /* Scenes */,
				9FD52ED2226E507E00EEBA73 /* Common Views */,
				9F1A9AEB227072F3004DD56D /* Services */,
				9FD52EBA226D1B7400EEBA73 /* Extensions */,
				9FD52EA2226CFC8000EEBA73 /* Supporting Files */,
			);
			path = "MediaMonks Photos";
			sourceTree = "<group>";
		};
		9FD52EA2226CFC8000EEBA73 /* Supporting Files */ = {
			isa = PBXGroup;
			children = (
				9FD52E90226CF83000EEBA73 /* AppDelegate.swift */,
				9FD52E97226CF83200EEBA73 /* Assets.xcassets */,
				9FD52E99226CF83200EEBA73 /* LaunchScreen.storyboard */,
				9FD52E9C226CF83200EEBA73 /* Info.plist */,
			);
			path = "Supporting Files";
			sourceTree = "<group>";
		};
		9FD52EBA226D1B7400EEBA73 /* Extensions */ = {
			isa = PBXGroup;
			children = (
				9FD52EB1226D17C400EEBA73 /* FailableDecodable.swift */,
				9FD52ED0226E13BD00EEBA73 /* Extensions.swift */,
				9F1A9B1722711C39004DD56D /* UIImageView+Ext.swift */,
				9F1A9B1922711C58004DD56D /* Collection+Ext.swift */,
				9F1A9B1B22711C74004DD56D /* ReusableView+Ext.swift */,
				9FEAEEBF2277783000292747 /* UIColor+Ext.swift */,
				9FEAEEBD227777D200292747 /* Constants.swift */,
			);
			path = Extensions;
			sourceTree = "<group>";
		};
		9FD52EBB226D1B7F00EEBA73 /* Networking */ = {
			isa = PBXGroup;
			children = (
				9FD52EAF226D051900EEBA73 /* MediaMonksAPI.swift */,
				9FD52EB5226D17FF00EEBA73 /* MediaMonksApiRequest.swift */,
				9FD52EAD226D050B00EEBA73 /* ApiError.swift */,
			);
			path = Networking;
			sourceTree = "<group>";
		};
		9FD52ECA226DDA6A00EEBA73 /* Albums Lists Scene */ = {
			isa = PBXGroup;
			children = (
				9FD52EBE226DDA6500EEBA73 /* AlbumsListConfigurator.swift */,
				9FD52EBF226DDA6500EEBA73 /* AlbumsListViewController.swift */,
				9FD52EC1226DDA6500EEBA73 /* AlbumsListInteractor.swift */,
				9FD52EC2226DDA6500EEBA73 /* AlbumsListPresenter.swift */,
				9FD52EC3226DDA6500EEBA73 /* AlbumsListRouter.swift */,
				9FD52ECD226E049100EEBA73 /* Models */,
				9F1A9AEA227072E0004DD56D /* Views */,
			);
			path = "Albums Lists Scene";
			sourceTree = "<group>";
		};
		9FD52ECD226E049100EEBA73 /* Models */ = {
			isa = PBXGroup;
			children = (
				9FD52EB3226D17E300EEBA73 /* MediaMonksAlbum.swift */,
				9FD52ECB226E046E00EEBA73 /* MediaMonksAlbumViewModel.swift */,
			);
			path = Models;
			sourceTree = "<group>";
		};
		9FD52ED2226E507E00EEBA73 /* Common Views */ = {
			isa = PBXGroup;
			children = (
				9FD52ECE226E0E9400EEBA73 /* CustomRefreshControlView.swift */,
				9FEAEEC122777C2600292747 /* RadialGradientLayer.swift */,
			);
			path = "Common Views";
			sourceTree = "<group>";
		};
		9FEAEEA922765B5200292747 /* Custom Transitions */ = {
			isa = PBXGroup;
			children = (
				9F1A9B1D22711D04004DD56D /* CustomNavigationControllerDelegate.swift */,
				9FEAEEA722765B3500292747 /* FadeTransition.swift */,
				9FEAEEAC2277025A00292747 /* AnimationController.swift */,
			);
			path = "Custom Transitions";
			sourceTree = "<group>";
		};
		9FEAEEAA22765B6E00292747 /* Common */ = {
			isa = PBXGroup;
			children = (
				9FEAEEA922765B5200292747 /* Custom Transitions */,
				9FEAEEAB2277024000292747 /* States */,
			);
			path = Common;
			sourceTree = "<group>";
		};
		9FEAEEAB2277024000292747 /* States */ = {
			isa = PBXGroup;
			children = (
				9F1A9AE62270729F004DD56D /* ViewState.swift */,
				9F1A9AFE2270FE95004DD56D /* State.swift */,
			);
			path = States;
			sourceTree = "<group>";
		};
		9FEAEEBA22774B1000292747 /* Photo Detail Scene */ = {
			isa = PBXGroup;
			children = (
				9FEAEEAE22774B0C00292747 /* PhotoDetailConfigurator.swift */,
				9FEAEEAF22774B0C00292747 /* PhotoDetailViewController.swift */,
				9FEAEEB122774B0C00292747 /* PhotoDetailInteractor.swift */,
				9FEAEEB222774B0C00292747 /* PhotoDetailPresenter.swift */,
				9FEAEEB322774B0C00292747 /* PhotoDetailRouter.swift */,
				9FEAEEBB2277532A00292747 /* ImageScrollView.swift */,
			);
			path = "Photo Detail Scene";
			sourceTree = "<group>";
		};
		A54E7B90FB90B494475586A5 /* Frameworks */ = {
			isa = PBXGroup;
			children = (
				F4CDFB109B3A2AF403DAA18D /* Pods_MediaMonks_Photos.framework */,
			);
			name = Frameworks;
			sourceTree = "<group>";
		};
		D2EABA8D06D1846F66B93689 /* Pods */ = {
			isa = PBXGroup;
			children = (
				B61D64EB0582EAF4C8BFAC11 /* Pods-MediaMonks Photos.debug.xcconfig */,
				56DE9E390E7CE8D6E77E4809 /* Pods-MediaMonks Photos.release.xcconfig */,
			);
			name = Pods;
			sourceTree = "<group>";
		};
/* End PBXGroup section */

/* Begin PBXNativeTarget section */
		9FD52E8C226CF83000EEBA73 /* MediaMonks Photos */ = {
			isa = PBXNativeTarget;
			buildConfigurationList = 9FD52E9F226CF83200EEBA73 /* Build configuration list for PBXNativeTarget "MediaMonks Photos" */;
			buildPhases = (
				5D43A4DDCFCA9CD07D444F8A /* [CP] Check Pods Manifest.lock */,
				9FD52E89226CF83000EEBA73 /* Sources */,
				9FD52E8A226CF83000EEBA73 /* Frameworks */,
				9FD52E8B226CF83000EEBA73 /* Resources */,
				D7D87EDD0D364A1CA031F9AC /* [CP] Embed Pods Frameworks */,
			);
			buildRules = (
			);
			dependencies = (
			);
			name = "MediaMonks Photos";
			productName = "MediaMonks Photos";
			productReference = 9FD52E8D226CF83000EEBA73 /* MediaMonks Photos.app */;
			productType = "com.apple.product-type.application";
		};
/* End PBXNativeTarget section */

/* Begin PBXProject section */
		9FD52E85226CF83000EEBA73 /* Project object */ = {
			isa = PBXProject;
			attributes = {
				LastSwiftUpdateCheck = 1010;
				LastUpgradeCheck = 1010;
				ORGANIZATIONNAME = "Anton Kharchevskyi";
				TargetAttributes = {
					9FD52E8C226CF83000EEBA73 = {
						CreatedOnToolsVersion = 10.1;
					};
				};
			};
			buildConfigurationList = 9FD52E88226CF83000EEBA73 /* Build configuration list for PBXProject "MediaMonks Photos" */;
			compatibilityVersion = "Xcode 9.3";
			developmentRegion = en;
			hasScannedForEncodings = 0;
			knownRegions = (
				en,
				Base,
			);
			mainGroup = 9FD52E84226CF83000EEBA73;
			productRefGroup = 9FD52E8E226CF83000EEBA73 /* Products */;
			projectDirPath = "";
			projectRoot = "";
			targets = (
				9FD52E8C226CF83000EEBA73 /* MediaMonks Photos */,
			);
		};
/* End PBXProject section */

/* Begin PBXResourcesBuildPhase section */
		9FD52E8B226CF83000EEBA73 /* Resources */ = {
			isa = PBXResourcesBuildPhase;
			buildActionMask = 2147483647;
			files = (
				9FD52E9B226CF83200EEBA73 /* LaunchScreen.storyboard in Resources */,
				9FD52E98226CF83200EEBA73 /* Assets.xcassets in Resources */,
			);
			runOnlyForDeploymentPostprocessing = 0;
		};
/* End PBXResourcesBuildPhase section */

/* Begin PBXShellScriptBuildPhase section */
		5D43A4DDCFCA9CD07D444F8A /* [CP] Check Pods Manifest.lock */ = {
			isa = PBXShellScriptBuildPhase;
			buildActionMask = 2147483647;
			files = (
			);
			inputFileListPaths = (
			);
			inputPaths = (
				"${PODS_PODFILE_DIR_PATH}/Podfile.lock",
				"${PODS_ROOT}/Manifest.lock",
			);
			name = "[CP] Check Pods Manifest.lock";
			outputFileListPaths = (
			);
			outputPaths = (
				"$(DERIVED_FILE_DIR)/Pods-MediaMonks Photos-checkManifestLockResult.txt",
			);
			runOnlyForDeploymentPostprocessing = 0;
			shellPath = /bin/sh;
			shellScript = "diff \"${PODS_PODFILE_DIR_PATH}/Podfile.lock\" \"${PODS_ROOT}/Manifest.lock\" > /dev/null\nif [ $? != 0 ] ; then\n    # print error to STDERR\n    echo \"error: The sandbox is not in sync with the Podfile.lock. Run 'pod install' or update your CocoaPods installation.\" >&2\n    exit 1\nfi\n# This output is used by Xcode 'outputs' to avoid re-running this script phase.\necho \"SUCCESS\" > \"${SCRIPT_OUTPUT_FILE_0}\"\n";
			showEnvVarsInLog = 0;
		};
		D7D87EDD0D364A1CA031F9AC /* [CP] Embed Pods Frameworks */ = {
			isa = PBXShellScriptBuildPhase;
			buildActionMask = 2147483647;
			files = (
			);
			inputFileListPaths = (
			);
			inputPaths = (
				"${SRCROOT}/Pods/Target Support Files/Pods-MediaMonks Photos/Pods-MediaMonks Photos-frameworks.sh",
				"${BUILT_PRODUCTS_DIR}/ReactiveCocoa/ReactiveCocoa.framework",
				"${BUILT_PRODUCTS_DIR}/ReactiveSwift/ReactiveSwift.framework",
				"${BUILT_PRODUCTS_DIR}/Result/Result.framework",
			);
			name = "[CP] Embed Pods Frameworks";
			outputFileListPaths = (
			);
			outputPaths = (
				"${TARGET_BUILD_DIR}/${FRAMEWORKS_FOLDER_PATH}/ReactiveCocoa.framework",
				"${TARGET_BUILD_DIR}/${FRAMEWORKS_FOLDER_PATH}/ReactiveSwift.framework",
				"${TARGET_BUILD_DIR}/${FRAMEWORKS_FOLDER_PATH}/Result.framework",
			);
			runOnlyForDeploymentPostprocessing = 0;
			shellPath = /bin/sh;
			shellScript = "\"${SRCROOT}/Pods/Target Support Files/Pods-MediaMonks Photos/Pods-MediaMonks Photos-frameworks.sh\"\n";
			showEnvVarsInLog = 0;
		};
/* End PBXShellScriptBuildPhase section */

/* Begin PBXSourcesBuildPhase section */
		9FD52E89226CF83000EEBA73 /* Sources */ = {
			isa = PBXSourcesBuildPhase;
			buildActionMask = 2147483647;
			files = (
				9FD52EC8226DDA6500EEBA73 /* AlbumsListPresenter.swift in Sources */,
				9F1A9B0A227103AE004DD56D /* MosaicLayoutSectionGeometry.swift in Sources */,
				9F1A9B1822711C39004DD56D /* UIImageView+Ext.swift in Sources */,
				9F1A9AF82270FB25004DD56D /* PhotosViewController.swift in Sources */,
				9F1A9B0F227103AE004DD56D /* MosaicLayoutAttributes.swift in Sources */,
				9F1A9B10227103AE004DD56D /* MosaicCollectionViewLayout.swift in Sources */,
				9FD52EC9226DDA6500EEBA73 /* AlbumsListRouter.swift in Sources */,
				9FEAEEC222777C2600292747 /* RadialGradientLayer.swift in Sources */,
				9FEAEEC02277783000292747 /* UIColor+Ext.swift in Sources */,
				9F1A9B0C227103AE004DD56D /* MosaicCollectionViewLayoutHelper.swift in Sources */,
				9FD52EB0226D051900EEBA73 /* MediaMonksAPI.swift in Sources */,
				9FD52EB4226D17E300EEBA73 /* MediaMonksAlbum.swift in Sources */,
				9F1A9AFB2270FB25004DD56D /* PhotosPresenter.swift in Sources */,
				9FD52EB8226D198A00EEBA73 /* MediaMonksPhoto.swift in Sources */,
				9FD52EC5226DDA6500EEBA73 /* AlbumsListViewController.swift in Sources */,
				9FD52EC7226DDA6500EEBA73 /* AlbumsListInteractor.swift in Sources */,
				9F1A9AFF2270FE95004DD56D /* State.swift in Sources */,
				9FD52ECF226E0E9400EEBA73 /* CustomRefreshControlView.swift in Sources */,
				9FD52E91226CF83000EEBA73 /* AppDelegate.swift in Sources */,
				9FEAEEAD2277025A00292747 /* AnimationController.swift in Sources */,
				9F1A9AFA2270FB25004DD56D /* PhotosInteractor.swift in Sources */,
				9F1A9AFC2270FB25004DD56D /* PhotosRouter.swift in Sources */,
				9FD52ECC226E046E00EEBA73 /* MediaMonksAlbumViewModel.swift in Sources */,
				9FEAEEB722774B0C00292747 /* PhotoDetailInteractor.swift in Sources */,
				9F1A9AE9227072CA004DD56D /* RetryCollectionViewCell.swift in Sources */,
				9FEAEEA822765B3500292747 /* FadeTransition.swift in Sources */,
				9F1A9B1A22711C58004DD56D /* Collection+Ext.swift in Sources */,
				9F1A9AED227074CE004DD56D /* TapticFeedback.swift in Sources */,
				9F1A9B1322710FCD004DD56D /* PhotoCell.swift in Sources */,
				9F1A9B1C22711C74004DD56D /* ReusableView+Ext.swift in Sources */,
				9F1A9B0B227103AE004DD56D /* MosaicCollectionViewLayoutDelegate.swift in Sources */,
				9FD52ED1226E13BD00EEBA73 /* Extensions.swift in Sources */,
				9F1A9B0E227103AE004DD56D /* MosaicCollectionViewLayoutCache.swift in Sources */,
				9FEAEEB922774B0C00292747 /* PhotoDetailRouter.swift in Sources */,
				9FD52ED7226F679B00EEBA73 /* AlbumCell.swift in Sources */,
				9F1A9B1E22711D04004DD56D /* CustomNavigationControllerDelegate.swift in Sources */,
				9F1A9B0D227103AE004DD56D /* MosaicLayoutSectionMatrix.swift in Sources */,
				9FD52EAE226D050B00EEBA73 /* ApiError.swift in Sources */,
				9F1A9AE72270729F004DD56D /* ViewState.swift in Sources */,
				9FEAEEB422774B0C00292747 /* PhotoDetailConfigurator.swift in Sources */,
				9FD52EB2226D17C400EEBA73 /* FailableDecodable.swift in Sources */,
				9F1A9B1622711935004DD56D /* ImageCache.swift in Sources */,
				9FEAEEB522774B0C00292747 /* PhotoDetailViewController.swift in Sources */,
				9F1A9AF02270EE95004DD56D /* AlbumLoadingCollectionViewCell.swift in Sources */,
				9F1A9AF72270FB25004DD56D /* PhotosConfigurator.swift in Sources */,
				9FEAEEB822774B0C00292747 /* PhotoDetailPresenter.swift in Sources */,
				9F1A9B012271013A004DD56D /* MediaMonksPhotoViewModel.swift in Sources */,
				9FEAEEBC2277532A00292747 /* ImageScrollView.swift in Sources */,
				9FEAEEBE227777D200292747 /* Constants.swift in Sources */,
				9FD52EC4226DDA6500EEBA73 /* AlbumsListConfigurator.swift in Sources */,
				9FD52EB6226D17FF00EEBA73 /* MediaMonksApiRequest.swift in Sources */,
			);
			runOnlyForDeploymentPostprocessing = 0;
		};
/* End PBXSourcesBuildPhase section */

/* Begin PBXVariantGroup section */
		9FD52E99226CF83200EEBA73 /* LaunchScreen.storyboard */ = {
			isa = PBXVariantGroup;
			children = (
				9FD52E9A226CF83200EEBA73 /* Base */,
			);
			name = LaunchScreen.storyboard;
			sourceTree = "<group>";
		};
/* End PBXVariantGroup section */

/* Begin XCBuildConfiguration section */
		9FD52E9D226CF83200EEBA73 /* Debug */ = {
			isa = XCBuildConfiguration;
			buildSettings = {
				ALWAYS_SEARCH_USER_PATHS = NO;
				CLANG_ANALYZER_NONNULL = YES;
				CLANG_ANALYZER_NUMBER_OBJECT_CONVERSION = YES_AGGRESSIVE;
				CLANG_CXX_LANGUAGE_STANDARD = "gnu++14";
				CLANG_CXX_LIBRARY = "libc++";
				CLANG_ENABLE_MODULES = YES;
				CLANG_ENABLE_OBJC_ARC = YES;
				CLANG_ENABLE_OBJC_WEAK = YES;
				CLANG_WARN_BLOCK_CAPTURE_AUTORELEASING = YES;
				CLANG_WARN_BOOL_CONVERSION = YES;
				CLANG_WARN_COMMA = YES;
				CLANG_WARN_CONSTANT_CONVERSION = YES;
				CLANG_WARN_DEPRECATED_OBJC_IMPLEMENTATIONS = YES;
				CLANG_WARN_DIRECT_OBJC_ISA_USAGE = YES_ERROR;
				CLANG_WARN_DOCUMENTATION_COMMENTS = YES;
				CLANG_WARN_EMPTY_BODY = YES;
				CLANG_WARN_ENUM_CONVERSION = YES;
				CLANG_WARN_INFINITE_RECURSION = YES;
				CLANG_WARN_INT_CONVERSION = YES;
				CLANG_WARN_NON_LITERAL_NULL_CONVERSION = YES;
				CLANG_WARN_OBJC_IMPLICIT_RETAIN_SELF = YES;
				CLANG_WARN_OBJC_LITERAL_CONVERSION = YES;
				CLANG_WARN_OBJC_ROOT_CLASS = YES_ERROR;
				CLANG_WARN_RANGE_LOOP_ANALYSIS = YES;
				CLANG_WARN_STRICT_PROTOTYPES = YES;
				CLANG_WARN_SUSPICIOUS_MOVE = YES;
				CLANG_WARN_UNGUARDED_AVAILABILITY = YES_AGGRESSIVE;
				CLANG_WARN_UNREACHABLE_CODE = YES;
				CLANG_WARN__DUPLICATE_METHOD_MATCH = YES;
				CODE_SIGN_IDENTITY = "iPhone Developer";
				COPY_PHASE_STRIP = NO;
				DEBUG_INFORMATION_FORMAT = dwarf;
				ENABLE_STRICT_OBJC_MSGSEND = YES;
				ENABLE_TESTABILITY = YES;
				GCC_C_LANGUAGE_STANDARD = gnu11;
				GCC_DYNAMIC_NO_PIC = NO;
				GCC_NO_COMMON_BLOCKS = YES;
				GCC_OPTIMIZATION_LEVEL = 0;
				GCC_PREPROCESSOR_DEFINITIONS = (
					"DEBUG=1",
					"$(inherited)",
				);
				GCC_WARN_64_TO_32_BIT_CONVERSION = YES;
				GCC_WARN_ABOUT_RETURN_TYPE = YES_ERROR;
				GCC_WARN_UNDECLARED_SELECTOR = YES;
				GCC_WARN_UNINITIALIZED_AUTOS = YES_AGGRESSIVE;
				GCC_WARN_UNUSED_FUNCTION = YES;
				GCC_WARN_UNUSED_VARIABLE = YES;
				IPHONEOS_DEPLOYMENT_TARGET = 12.1;
				MTL_ENABLE_DEBUG_INFO = INCLUDE_SOURCE;
				MTL_FAST_MATH = YES;
				ONLY_ACTIVE_ARCH = YES;
				SDKROOT = iphoneos;
				SWIFT_ACTIVE_COMPILATION_CONDITIONS = DEBUG;
				SWIFT_OPTIMIZATION_LEVEL = "-Onone";
			};
			name = Debug;
		};
		9FD52E9E226CF83200EEBA73 /* Release */ = {
			isa = XCBuildConfiguration;
			buildSettings = {
				ALWAYS_SEARCH_USER_PATHS = NO;
				CLANG_ANALYZER_NONNULL = YES;
				CLANG_ANALYZER_NUMBER_OBJECT_CONVERSION = YES_AGGRESSIVE;
				CLANG_CXX_LANGUAGE_STANDARD = "gnu++14";
				CLANG_CXX_LIBRARY = "libc++";
				CLANG_ENABLE_MODULES = YES;
				CLANG_ENABLE_OBJC_ARC = YES;
				CLANG_ENABLE_OBJC_WEAK = YES;
				CLANG_WARN_BLOCK_CAPTURE_AUTORELEASING = YES;
				CLANG_WARN_BOOL_CONVERSION = YES;
				CLANG_WARN_COMMA = YES;
				CLANG_WARN_CONSTANT_CONVERSION = YES;
				CLANG_WARN_DEPRECATED_OBJC_IMPLEMENTATIONS = YES;
				CLANG_WARN_DIRECT_OBJC_ISA_USAGE = YES_ERROR;
				CLANG_WARN_DOCUMENTATION_COMMENTS = YES;
				CLANG_WARN_EMPTY_BODY = YES;
				CLANG_WARN_ENUM_CONVERSION = YES;
				CLANG_WARN_INFINITE_RECURSION = YES;
				CLANG_WARN_INT_CONVERSION = YES;
				CLANG_WARN_NON_LITERAL_NULL_CONVERSION = YES;
				CLANG_WARN_OBJC_IMPLICIT_RETAIN_SELF = YES;
				CLANG_WARN_OBJC_LITERAL_CONVERSION = YES;
				CLANG_WARN_OBJC_ROOT_CLASS = YES_ERROR;
				CLANG_WARN_RANGE_LOOP_ANALYSIS = YES;
				CLANG_WARN_STRICT_PROTOTYPES = YES;
				CLANG_WARN_SUSPICIOUS_MOVE = YES;
				CLANG_WARN_UNGUARDED_AVAILABILITY = YES_AGGRESSIVE;
				CLANG_WARN_UNREACHABLE_CODE = YES;
				CLANG_WARN__DUPLICATE_METHOD_MATCH = YES;
				CODE_SIGN_IDENTITY = "iPhone Developer";
				COPY_PHASE_STRIP = NO;
				DEBUG_INFORMATION_FORMAT = "dwarf-with-dsym";
				ENABLE_NS_ASSERTIONS = NO;
				ENABLE_STRICT_OBJC_MSGSEND = YES;
				GCC_C_LANGUAGE_STANDARD = gnu11;
				GCC_NO_COMMON_BLOCKS = YES;
				GCC_WARN_64_TO_32_BIT_CONVERSION = YES;
				GCC_WARN_ABOUT_RETURN_TYPE = YES_ERROR;
				GCC_WARN_UNDECLARED_SELECTOR = YES;
				GCC_WARN_UNINITIALIZED_AUTOS = YES_AGGRESSIVE;
				GCC_WARN_UNUSED_FUNCTION = YES;
				GCC_WARN_UNUSED_VARIABLE = YES;
				IPHONEOS_DEPLOYMENT_TARGET = 12.1;
				MTL_ENABLE_DEBUG_INFO = NO;
				MTL_FAST_MATH = YES;
				SDKROOT = iphoneos;
				SWIFT_COMPILATION_MODE = wholemodule;
				SWIFT_OPTIMIZATION_LEVEL = "-O";
				VALIDATE_PRODUCT = YES;
			};
			name = Release;
		};
		9FD52EA0226CF83200EEBA73 /* Debug */ = {
			isa = XCBuildConfiguration;
			baseConfigurationReference = B61D64EB0582EAF4C8BFAC11 /* Pods-MediaMonks Photos.debug.xcconfig */;
			buildSettings = {
				ASSETCATALOG_COMPILER_APPICON_NAME = AppIcon;
				CODE_SIGN_STYLE = Automatic;
				DEVELOPMENT_TEAM = BS64L7F579;
				INFOPLIST_FILE = "MediaMonks Photos/Supporting Files/Info.plist";
				IPHONEOS_DEPLOYMENT_TARGET = 11.0;
				LD_RUNPATH_SEARCH_PATHS = (
					"$(inherited)",
					"@executable_path/Frameworks",
				);
				PRODUCT_BUNDLE_IDENTIFIER = "ANT.MediaMonks-Photos";
				PRODUCT_NAME = "$(TARGET_NAME)";
				SWIFT_VERSION = 4.2;
				TARGETED_DEVICE_FAMILY = "1,2";
			};
			name = Debug;
		};
		9FD52EA1226CF83200EEBA73 /* Release */ = {
			isa = XCBuildConfiguration;
			baseConfigurationReference = 56DE9E390E7CE8D6E77E4809 /* Pods-MediaMonks Photos.release.xcconfig */;
			buildSettings = {
				ASSETCATALOG_COMPILER_APPICON_NAME = AppIcon;
				CODE_SIGN_STYLE = Automatic;
				DEVELOPMENT_TEAM = BS64L7F579;
				INFOPLIST_FILE = "MediaMonks Photos/Supporting Files/Info.plist";
				IPHONEOS_DEPLOYMENT_TARGET = 11.0;
				LD_RUNPATH_SEARCH_PATHS = (
					"$(inherited)",
					"@executable_path/Frameworks",
				);
				PRODUCT_BUNDLE_IDENTIFIER = "ANT.MediaMonks-Photos";
				PRODUCT_NAME = "$(TARGET_NAME)";
				SWIFT_VERSION = 4.2;
				TARGETED_DEVICE_FAMILY = "1,2";
			};
			name = Release;
		};
/* End XCBuildConfiguration section */

/* Begin XCConfigurationList section */
		9FD52E88226CF83000EEBA73 /* Build configuration list for PBXProject "MediaMonks Photos" */ = {
			isa = XCConfigurationList;
			buildConfigurations = (
				9FD52E9D226CF83200EEBA73 /* Debug */,
				9FD52E9E226CF83200EEBA73 /* Release */,
			);
			defaultConfigurationIsVisible = 0;
			defaultConfigurationName = Release;
		};
		9FD52E9F226CF83200EEBA73 /* Build configuration list for PBXNativeTarget "MediaMonks Photos" */ = {
			isa = XCConfigurationList;
			buildConfigurations = (
				9FD52EA0226CF83200EEBA73 /* Debug */,
				9FD52EA1226CF83200EEBA73 /* Release */,
			);
			defaultConfigurationIsVisible = 0;
			defaultConfigurationName = Release;
		};
/* End XCConfigurationList section */
	};
	rootObject = 9FD52E85226CF83000EEBA73 /* Project object */;
}
